
Microsoft Visual Studio Solution File, Format Version 12.00
# Visual Studio 15
VisualStudioVersion = 15.0.26430.16
MinimumVisualStudioVersion = 10.0.40219.1
Project("{FAE04EC0-301F-11D3-BF4B-00C04F79EFBC}") = "KeyboardListBug", "KeyboardListBug\KeyboardListBug\KeyboardListBug.csproj", "{EA28BC84-C02A-44B6-89DE-DF882DD72E62}"
EndProject
Project("{FAE04EC0-301F-11D3-BF4B-00C04F79EFBC}") = "KeyboardListBug.Droid", "KeyboardListBug\KeyboardListBug.Droid\KeyboardListBug.Droid.csproj", "{CB5D4682-9762-4250-9093-03C8DB145399}"
EndProject
Project("{FAE04EC0-301F-11D3-BF4B-00C04F79EFBC}") = "KeyboardListBug.iOS", "KeyboardListBug\KeyboardListBug.iOS\KeyboardListBug.iOS.csproj", "{687116D7-3747-4E50-A4CD-F7B78D234132}"
EndProject
Global
	GlobalSection(SolutionConfigurationPlatforms) = preSolution
		Ad-Hoc|Any CPU = Ad-Hoc|Any CPU
		Ad-Hoc|iPhone = Ad-Hoc|iPhone
		Ad-Hoc|iPhoneSimulator = Ad-Hoc|iPhoneSimulator
		AppStore|Any CPU = AppStore|Any CPU
		AppStore|iPhone = AppStore|iPhone
		AppStore|iPhoneSimulator = AppStore|iPhoneSimulator
		Debug|Any CPU = Debug|Any CPU
		Debug|iPhone = Debug|iPhone
		Debug|iPhoneSimulator = Debug|iPhoneSimulator
		Release|Any CPU = Release|Any CPU
		Release|iPhone = Release|iPhone
		Release|iPhoneSimulator = Release|iPhoneSimulator
	EndGlobalSection
	GlobalSection(ProjectConfigurationPlatforms) = postSolution
		{EA28BC84-C02A-44B6-89DE-DF882DD72E62}.Ad-Hoc|Any CPU.ActiveCfg = Release|Any CPU
		{EA28BC84-C02A-44B6-89DE-DF882DD72E62}.Ad-Hoc|Any CPU.Build.0 = Release|Any CPU
		{EA28BC84-C02A-44B6-89DE-DF882DD72E62}.Ad-Hoc|iPhone.ActiveCfg = Release|Any CPU
		{EA28BC84-C02A-44B6-89DE-DF882DD72E62}.Ad-Hoc|iPhone.Build.0 = Release|Any CPU
		{EA28BC84-C02A-44B6-89DE-DF882DD72E62}.Ad-Hoc|iPhoneSimulator.ActiveCfg = Release|Any CPU
		{EA28BC84-C02A-44B6-89DE-DF882DD72E62}.Ad-Hoc|iPhoneSimulator.Build.0 = Release|Any CPU
		{EA28BC84-C02A-44B6-89DE-DF882DD72E62}.AppStore|Any CPU.ActiveCfg = Release|Any CPU
		{EA28BC84-C02A-44B6-89DE-DF882DD72E62}.AppStore|Any CPU.Build.0 = Release|Any CPU
		{EA28BC84-C02A-44B6-89DE-DF882DD72E62}.AppStore|iPhone.ActiveCfg = Release|Any CPU
		{EA28BC84-C02A-44B6-89DE-DF882DD72E62}.AppStore|iPhone.Build.0 = Release|Any CPU
		{EA28BC84-C02A-44B6-89DE-DF882DD72E62}.AppStore|iPhoneSimulator.ActiveCfg = Release|Any CPU
		{EA28BC84-C02A-44B6-89DE-DF882DD72E62}.AppStore|iPhoneSimulator.Build.0 = Release|Any CPU
		{EA28BC84-C02A-44B6-89DE-DF882DD72E62}.Debug|Any CPU.ActiveCfg = Debug|Any CPU
		{EA28BC84-C02A-44B6-89DE-DF882DD72E62}.Debug|Any CPU.Build.0 = Debug|Any CPU
		{EA28BC84-C02A-44B6-89DE-DF882DD72E62}.Debug|iPhone.ActiveCfg = Debug|Any CPU
		{EA28BC84-C02A-44B6-89DE-DF882DD72E62}.Debug|iPhone.Build.0 = Debug|Any CPU
		{EA28BC84-C02A-44B6-89DE-DF882DD72E62}.Debug|iPhoneSimulator.ActiveCfg = Debug|Any CPU
		{EA28BC84-C02A-44B6-89DE-DF882DD72E62}.Debug|iPhoneSimulator.Build.0 = Debug|Any CPU
		{EA28BC84-C02A-44B6-89DE-DF882DD72E62}.Release|Any CPU.ActiveCfg = Release|Any CPU
		{EA28BC84-C02A-44B6-89DE-DF882DD72E62}.Release|Any CPU.Build.0 = Release|Any CPU
		{EA28BC84-C02A-44B6-89DE-DF882DD72E62}.Release|iPhone.ActiveCfg = Release|Any CPU
		{EA28BC84-C02A-44B6-89DE-DF882DD72E62}.Release|iPhone.Build.0 = Release|Any CPU
		{EA28BC84-C02A-44B6-89DE-DF882DD72E62}.Release|iPhoneSimulator.ActiveCfg = Release|Any CPU
		{EA28BC84-C02A-44B6-89DE-DF882DD72E62}.Release|iPhoneSimulator.Build.0 = Release|Any CPU
		{CB5D4682-9762-4250-9093-03C8DB145399}.Ad-Hoc|Any CPU.ActiveCfg = Release|Any CPU
		{CB5D4682-9762-4250-9093-03C8DB145399}.Ad-Hoc|Any CPU.Build.0 = Release|Any CPU
		{CB5D4682-9762-4250-9093-03C8DB145399}.Ad-Hoc|Any CPU.Deploy.0 = Release|Any CPU
		{CB5D4682-9762-4250-9093-03C8DB145399}.Ad-Hoc|iPhone.ActiveCfg = Release|Any CPU
		{CB5D4682-9762-4250-9093-03C8DB145399}.Ad-Hoc|iPhone.Build.0 = Release|Any CPU
		{CB5D4682-9762-4250-9093-03C8DB145399}.Ad-Hoc|iPhone.Deploy.0 = Release|Any CPU
		{CB5D4682-9762-4250-9093-03C8DB145399}.Ad-Hoc|iPhoneSimulator.ActiveCfg = Release|Any CPU
		{CB5D4682-9762-4250-9093-03C8DB145399}.Ad-Hoc|iPhoneSimulator.Build.0 = Release|Any CPU
		{CB5D4682-9762-4250-9093-03C8DB145399}.Ad-Hoc|iPhoneSimulator.Deploy.0 = Release|Any CPU
		{CB5D4682-9762-4250-9093-03C8DB145399}.AppStore|Any CPU.ActiveCfg = Release|Any CPU
		{CB5D4682-9762-4250-9093-03C8DB145399}.AppStore|Any CPU.Build.0 = Release|Any CPU
		{CB5D4682-9762-4250-9093-03C8DB145399}.AppStore|Any CPU.Deploy.0 = Release|Any CPU
		{CB5D4682-9762-4250-9093-03C8DB145399}.AppStore|iPhone.ActiveCfg = Release|Any CPU
		{CB5D4682-9762-4250-9093-03C8DB145399}.AppStore|iPhone.Build.0 = Release|Any CPU
		{CB5D4682-9762-4250-9093-03C8DB145399}.AppStore|iPhone.Deploy.0 = Release|Any CPU
		{CB5D4682-9762-4250-9093-03C8DB145399}.AppStore|iPhoneSimulator.ActiveCfg = Release|Any CPU
		{CB5D4682-9762-4250-9093-03C8DB145399}.AppStore|iPhoneSimulator.Build.0 = Release|Any CPU
		{CB5D4682-9762-4250-9093-03C8DB145399}.AppStore|iPhoneSimulator.Deploy.0 = Release|Any CPU
		{CB5D4682-9762-4250-9093-03C8DB145399}.Debug|Any CPU.ActiveCfg = Debug|Any CPU
		{CB5D4682-9762-4250-9093-03C8DB145399}.Debug|Any CPU.Build.0 = Debug|Any CPU
		{CB5D4682-9762-4250-9093-03C8DB145399}.Debug|Any CPU.Deploy.0 = Debug|Any CPU
		{CB5D4682-9762-4250-9093-03C8DB145399}.Debug|iPhone.ActiveCfg = Debug|Any CPU
		{CB5D4682-9762-4250-9093-03C8DB145399}.Debug|iPhone.Build.0 = Debug|Any CPU
		{CB5D4682-9762-4250-9093-03C8DB145399}.Debug|iPhone.Deploy.0 = Debug|Any CPU
		{CB5D4682-9762-4250-9093-03C8DB145399}.Debug|iPhoneSimulator.ActiveCfg = Debug|Any CPU
		{CB5D4682-9762-4250-9093-03C8DB145399}.Debug|iPhoneSimulator.Build.0 = Debug|Any CPU
		{CB5D4682-9762-4250-9093-03C8DB145399}.Debug|iPhoneSimulator.Deploy.0 = Debug|Any CPU
		{CB5D4682-9762-4250-9093-03C8DB145399}.Release|Any CPU.ActiveCfg = Release|Any CPU
		{CB5D4682-9762-4250-9093-03C8DB145399}.Release|Any CPU.Build.0 = Release|Any CPU
		{CB5D4682-9762-4250-9093-03C8DB145399}.Release|Any CPU.Deploy.0 = Release|Any CPU
		{CB5D4682-9762-4250-9093-03C8DB145399}.Release|iPhone.ActiveCfg = Release|Any CPU
		{CB5D4682-9762-4250-9093-03C8DB145399}.Release|iPhone.Build.0 = Release|Any CPU
		{CB5D4682-9762-4250-9093-03C8DB145399}.Release|iPhone.Deploy.0 = Release|Any CPU
		{CB5D4682-9762-4250-9093-03C8DB145399}.Release|iPhoneSimulator.ActiveCfg = Release|Any CPU
		{CB5D4682-9762-4250-9093-03C8DB145399}.Release|iPhoneSimulator.Build.0 = Release|Any CPU
		{CB5D4682-9762-4250-9093-03C8DB145399}.Release|iPhoneSimulator.Deploy.0 = Release|Any CPU
		{687116D7-3747-4E50-A4CD-F7B78D234132}.Ad-Hoc|Any CPU.ActiveCfg = Ad-Hoc|iPhone
		{687116D7-3747-4E50-A4CD-F7B78D234132}.Ad-Hoc|iPhone.ActiveCfg = Ad-Hoc|iPhone
		{687116D7-3747-4E50-A4CD-F7B78D234132}.Ad-Hoc|iPhone.Build.0 = Ad-Hoc|iPhone
		{687116D7-3747-4E50-A4CD-F7B78D234132}.Ad-Hoc|iPhoneSimulator.ActiveCfg = Ad-Hoc|iPhoneSimulator
		{687116D7-3747-4E50-A4CD-F7B78D234132}.Ad-Hoc|iPhoneSimulator.Build.0 = Ad-Hoc|iPhoneSimulator
		{687116D7-3747-4E50-A4CD-F7B78D234132}.AppStore|Any CPU.ActiveCfg = AppStore|iPhone
		{687116D7-3747-4E50-A4CD-F7B78D234132}.AppStore|iPhone.ActiveCfg = AppStore|iPhone
		{687116D7-3747-4E50-A4CD-F7B78D234132}.AppStore|iPhone.Build.0 = AppStore|iPhone
		{687116D7-3747-4E50-A4CD-F7B78D234132}.AppStore|iPhoneSimulator.ActiveCfg = AppStore|iPhoneSimulator
		{687116D7-3747-4E50-A4CD-F7B78D234132}.AppStore|iPhoneSimulator.Build.0 = AppStore|iPhoneSimulator
		{687116D7-3747-4E50-A4CD-F7B78D234132}.Debug|Any CPU.ActiveCfg = Debug|iPhone
		{687116D7-3747-4E50-A4CD-F7B78D234132}.Debug|iPhone.ActiveCfg = Debug|iPhone
		{687116D7-3747-4E50-A4CD-F7B78D234132}.Debug|iPhone.Build.0 = Debug|iPhone
		{687116D7-3747-4E50-A4CD-F7B78D234132}.Debug|iPhoneSimulator.ActiveCfg = Debug|iPhoneSimulator
		{687116D7-3747-4E50-A4CD-F7B78D234132}.Debug|iPhoneSimulator.Build.0 = Debug|iPhoneSimulator
		{687116D7-3747-4E50-A4CD-F7B78D234132}.Release|Any CPU.ActiveCfg = Release|iPhone
		{687116D7-3747-4E50-A4CD-F7B78D234132}.Release|iPhone.ActiveCfg = Release|iPhone
		{687116D7-3747-4E50-A4CD-F7B78D234132}.Release|iPhone.Build.0 = Release|iPhone
		{687116D7-3747-4E50-A4CD-F7B78D234132}.Release|iPhoneSimulator.ActiveCfg = Release|iPhoneSimulator
		{687116D7-3747-4E50-A4CD-F7B78D234132}.Release|iPhoneSimulator.Build.0 = Release|iPhoneSimulator
	EndGlobalSection
	GlobalSection(SolutionProperties) = preSolution
		HideSolutionNode = FALSE
	EndGlobalSection
EndGlobal
